
Microsoft Visual Studio Solution File, Format Version 12.00
# Visual Studio Version 16
VisualStudioVersion = 16.0.31321.278
MinimumVisualStudioVersion = 10.0.40219.1
Project("{FAE04EC0-301F-11D3-BF4B-00C04F79EFBC}") = "ProGitForProgrammers", "ProGitForProgrammers\ProGitForProgrammers.csproj", "{AAF42A6F-9ECF-458E-A615-06E38485FF6E}"
EndProject
Global
	GlobalSection(SolutionConfigurationPlatforms) = preSolution
		Debug|Any CPU = Debug|Any CPU
		Release|Any CPU = Release|Any CPU
	EndGlobalSection
	GlobalSection(ProjectConfigurationPlatforms) = postSolution
		{AAF42A6F-9ECF-458E-A615-06E38485FF6E}.Debug|Any CPU.ActiveCfg = Debug|Any CPU
		{AAF42A6F-9ECF-458E-A615-06E38485FF6E}.Debug|Any CPU.Build.0 = Debug|Any CPU
		{AAF42A6F-9ECF-458E-A615-06E38485FF6E}.Release|Any CPU.ActiveCfg = Release|Any CPU
		{AAF42A6F-9ECF-458E-A615-06E38485FF6E}.Release|Any CPU.Build.0 = Release|Any CPU
	EndGlobalSection
	GlobalSection(SolutionProperties) = preSolution
		HideSolutionNode = FALSE
	EndGlobalSection
	GlobalSection(ExtensibilityGlobals) = postSolution
		SolutionGuid = {A3489BC5-F9F3-438A-A677-EBF8C91276E9}
	EndGlobalSection
EndGlobal
